
Microsoft Visual Studio Solution File, Format Version 12.00
# Visual Studio Version 17
VisualStudioVersion = 17.5.002.0
MinimumVisualStudioVersion = 10.0.40219.1
Project("{9A19103F-16F7-4668-BE54-9A1E7A4F7556}") = "CalculadoraTest", "CalculadoraTest\CalculadoraTest.csproj", "{88279B6A-829D-4F1C-B8EA-6C537AF168F2}"
EndProject
Project("{FAE04EC0-301F-11D3-BF4B-00C04F79EFBC}") = "Calculadora", "Calculadora\Calculadora.csproj", "{799A5570-8DD4-4E25-8E54-ED2ACEF4C77F}"
EndProject
Global
	GlobalSection(SolutionConfigurationPlatforms) = preSolution
		Debug|Any CPU = Debug|Any CPU
		Release|Any CPU = Release|Any CPU
	EndGlobalSection
	GlobalSection(ProjectConfigurationPlatforms) = postSolution
		{88279B6A-829D-4F1C-B8EA-6C537AF168F2}.Debug|Any CPU.ActiveCfg = Debug|Any CPU
		{88279B6A-829D-4F1C-B8EA-6C537AF168F2}.Debug|Any CPU.Build.0 = Debug|Any CPU
		{88279B6A-829D-4F1C-B8EA-6C537AF168F2}.Release|Any CPU.ActiveCfg = Release|Any CPU
		{88279B6A-829D-4F1C-B8EA-6C537AF168F2}.Release|Any CPU.Build.0 = Release|Any CPU
		{799A5570-8DD4-4E25-8E54-ED2ACEF4C77F}.Debug|Any CPU.ActiveCfg = Debug|Any CPU
		{799A5570-8DD4-4E25-8E54-ED2ACEF4C77F}.Debug|Any CPU.Build.0 = Debug|Any CPU
		{799A5570-8DD4-4E25-8E54-ED2ACEF4C77F}.Release|Any CPU.ActiveCfg = Release|Any CPU
		{799A5570-8DD4-4E25-8E54-ED2ACEF4C77F}.Release|Any CPU.Build.0 = Release|Any CPU
	EndGlobalSection
	GlobalSection(SolutionProperties) = preSolution
		HideSolutionNode = FALSE
	EndGlobalSection
	GlobalSection(ExtensibilityGlobals) = postSolution
		SolutionGuid = {645FEB90-C857-4950-83FD-6DA3F8518330}
	EndGlobalSection
EndGlobal
